// !$*UTF8*$!
{
	archiveVersion = 1;
	classes = {
	};
	objectVersion = 56;
	objects = {

/* Begin PBXBuildFile section */
		15393BEF2C734C7E004900BB /* AppDelegate.swift in Sources */ = {isa = PBXBuildFile; fileRef = 15393BEE2C734C7E004900BB /* AppDelegate.swift */; };
		15393BF12C734C7E004900BB /* SceneDelegate.swift in Sources */ = {isa = PBXBuildFile; fileRef = 15393BF02C734C7E004900BB /* SceneDelegate.swift */; };
		15393BF62C734C7E004900BB /* Main.storyboard in Resources */ = {isa = PBXBuildFile; fileRef = 15393BF42C734C7E004900BB /* Main.storyboard */; };
		15393BF82C734C7F004900BB /* Assets.xcassets in Resources */ = {isa = PBXBuildFile; fileRef = 15393BF72C734C7F004900BB /* Assets.xcassets */; };
		15393BFB2C734C7F004900BB /* LaunchScreen.storyboard in Resources */ = {isa = PBXBuildFile; fileRef = 15393BF92C734C7F004900BB /* LaunchScreen.storyboard */; };
		15393C052C734EB0004900BB /* LoadViewController.swift in Sources */ = {isa = PBXBuildFile; fileRef = 15393C042C734EB0004900BB /* LoadViewController.swift */; };
		15393C082C7350F2004900BB /* SnapKit in Frameworks */ = {isa = PBXBuildFile; productRef = 15393C072C7350F2004900BB /* SnapKit */; };
		15393C0B2C73588B004900BB /* OnbUserViewController.swift in Sources */ = {isa = PBXBuildFile; fileRef = 15393C0A2C73588B004900BB /* OnbUserViewController.swift */; };
		15393C0D2C737593004900BB /* HomeViewController.swift in Sources */ = {isa = PBXBuildFile; fileRef = 15393C0C2C737593004900BB /* HomeViewController.swift */; };
		15393C102C74A8A1004900BB /* HistoryModel.swift in Sources */ = {isa = PBXBuildFile; fileRef = 15393C0F2C74A8A1004900BB /* HistoryModel.swift */; };
		15393C122C74AE89004900BB /* noHistoryView.swift in Sources */ = {isa = PBXBuildFile; fileRef = 15393C112C74AE89004900BB /* noHistoryView.swift */; };
		15393C142C74BA6F004900BB /* NewHistoryViewController.swift in Sources */ = {isa = PBXBuildFile; fileRef = 15393C132C74BA6F004900BB /* NewHistoryViewController.swift */; };
		15393C162C74C014004900BB /* AddNewHistoryView.swift in Sources */ = {isa = PBXBuildFile; fileRef = 15393C152C74C014004900BB /* AddNewHistoryView.swift */; };
		15393C192C760434004900BB /* NotesViewController.swift in Sources */ = {isa = PBXBuildFile; fileRef = 15393C182C760434004900BB /* NotesViewController.swift */; };
		15393C1B2C760A48004900BB /* NotesView.swift in Sources */ = {isa = PBXBuildFile; fileRef = 15393C1A2C760A48004900BB /* NotesView.swift */; };
		1564E56E2C763D10006874EE /* NotesModel.swift in Sources */ = {isa = PBXBuildFile; fileRef = 1564E56D2C763D10006874EE /* NotesModel.swift */; };
		1564E5702C764979006874EE /* NewNoteViewController.swift in Sources */ = {isa = PBXBuildFile; fileRef = 1564E56F2C764979006874EE /* NewNoteViewController.swift */; };
		1564E5722C777B74006874EE /* DetailNoteViewController.swift in Sources */ = {isa = PBXBuildFile; fileRef = 1564E5712C777B74006874EE /* DetailNoteViewController.swift */; };
/* End PBXBuildFile section */

/* Begin PBXFileReference section */
		15393BEB2C734C7E004900BB /* KENexusHorizon.app */ = {isa = PBXFileReference; explicitFileType = wrapper.application; includeInIndex = 0; path = KENexusHorizon.app; sourceTree = BUILT_PRODUCTS_DIR; };
		15393BEE2C734C7E004900BB /* AppDelegate.swift */ = {isa = PBXFileReference; lastKnownFileType = sourcecode.swift; path = AppDelegate.swift; sourceTree = "<group>"; };
		15393BF02C734C7E004900BB /* SceneDelegate.swift */ = {isa = PBXFileReference; lastKnownFileType = sourcecode.swift; path = SceneDelegate.swift; sourceTree = "<group>"; };
		15393BF52C734C7E004900BB /* Base */ = {isa = PBXFileReference; lastKnownFileType = file.storyboard; name = Base; path = Base.lproj/Main.storyboard; sourceTree = "<group>"; };
		15393BF72C734C7F004900BB /* Assets.xcassets */ = {isa = PBXFileReference; lastKnownFileType = folder.assetcatalog; path = Assets.xcassets; sourceTree = "<group>"; };
		15393BFA2C734C7F004900BB /* Base */ = {isa = PBXFileReference; lastKnownFileType = file.storyboard; name = Base; path = Base.lproj/LaunchScreen.storyboard; sourceTree = "<group>"; };
		15393BFC2C734C7F004900BB /* Info.plist */ = {isa = PBXFileReference; lastKnownFileType = text.plist.xml; path = Info.plist; sourceTree = "<group>"; };
		15393C042C734EB0004900BB /* LoadViewController.swift */ = {isa = PBXFileReference; lastKnownFileType = sourcecode.swift; path = LoadViewController.swift; sourceTree = "<group>"; };
		15393C0A2C73588B004900BB /* OnbUserViewController.swift */ = {isa = PBXFileReference; lastKnownFileType = sourcecode.swift; path = OnbUserViewController.swift; sourceTree = "<group>"; };
		15393C0C2C737593004900BB /* HomeViewController.swift */ = {isa = PBXFileReference; lastKnownFileType = sourcecode.swift; path = HomeViewController.swift; sourceTree = "<group>"; };
		15393C0F2C74A8A1004900BB /* HistoryModel.swift */ = {isa = PBXFileReference; lastKnownFileType = sourcecode.swift; path = HistoryModel.swift; sourceTree = "<group>"; };
		15393C112C74AE89004900BB /* noHistoryView.swift */ = {isa = PBXFileReference; lastKnownFileType = sourcecode.swift; path = noHistoryView.swift; sourceTree = "<group>"; };
		15393C132C74BA6F004900BB /* NewHistoryViewController.swift */ = {isa = PBXFileReference; lastKnownFileType = sourcecode.swift; path = NewHistoryViewController.swift; sourceTree = "<group>"; };
		15393C152C74C014004900BB /* AddNewHistoryView.swift */ = {isa = PBXFileReference; lastKnownFileType = sourcecode.swift; path = AddNewHistoryView.swift; sourceTree = "<group>"; };
		15393C182C760434004900BB /* NotesViewController.swift */ = {isa = PBXFileReference; lastKnownFileType = sourcecode.swift; path = NotesViewController.swift; sourceTree = "<group>"; };
		15393C1A2C760A48004900BB /* NotesView.swift */ = {isa = PBXFileReference; lastKnownFileType = sourcecode.swift; path = NotesView.swift; sourceTree = "<group>"; };
		1564E56D2C763D10006874EE /* NotesModel.swift */ = {isa = PBXFileReference; lastKnownFileType = sourcecode.swift; path = NotesModel.swift; sourceTree = "<group>"; };
		1564E56F2C764979006874EE /* NewNoteViewController.swift */ = {isa = PBXFileReference; lastKnownFileType = sourcecode.swift; path = NewNoteViewController.swift; sourceTree = "<group>"; };
		1564E5712C777B74006874EE /* DetailNoteViewController.swift */ = {isa = PBXFileReference; lastKnownFileType = sourcecode.swift; path = DetailNoteViewController.swift; sourceTree = "<group>"; };
/* End PBXFileReference section */

/* Begin PBXFrameworksBuildPhase section */
		15393BE82C734C7E004900BB /* Frameworks */ = {
			isa = PBXFrameworksBuildPhase;
			buildActionMask = 2147483647;
			files = (
				15393C082C7350F2004900BB /* SnapKit in Frameworks */,
			);
			runOnlyForDeploymentPostprocessing = 0;
		};
/* End PBXFrameworksBuildPhase section */

/* Begin PBXGroup section */
		15393BE22C734C7E004900BB = {
			isa = PBXGroup;
			children = (
				15393BED2C734C7E004900BB /* KENexusHorizon */,
				15393BEC2C734C7E004900BB /* Products */,
			);
			sourceTree = "<group>";
		};
		15393BEC2C734C7E004900BB /* Products */ = {
			isa = PBXGroup;
			children = (
				15393BEB2C734C7E004900BB /* KENexusHorizon.app */,
			);
			name = Products;
			sourceTree = "<group>";
		};
		15393BED2C734C7E004900BB /* KENexusHorizon */ = {
			isa = PBXGroup;
			children = (
				15393C172C760185004900BB /* Notes */,
				15393C0E2C737598004900BB /* Home */,
				15393C092C735878004900BB /* OnbUser */,
				15393C032C734EA2004900BB /* LoadPage */,
				15393C022C734CDD004900BB /* Support */,
				15393BFC2C734C7F004900BB /* Info.plist */,
			);
			path = KENexusHorizon;
			sourceTree = "<group>";
		};
		15393C022C734CDD004900BB /* Support */ = {
			isa = PBXGroup;
			children = (
				15393BF72C734C7F004900BB /* Assets.xcassets */,
				15393BF02C734C7E004900BB /* SceneDelegate.swift */,
				15393BF42C734C7E004900BB /* Main.storyboard */,
				15393BF92C734C7F004900BB /* LaunchScreen.storyboard */,
				15393BEE2C734C7E004900BB /* AppDelegate.swift */,
			);
			path = Support;
			sourceTree = "<group>";
		};
		15393C032C734EA2004900BB /* LoadPage */ = {
			isa = PBXGroup;
			children = (
				15393C042C734EB0004900BB /* LoadViewController.swift */,
			);
			path = LoadPage;
			sourceTree = "<group>";
		};
		15393C092C735878004900BB /* OnbUser */ = {
			isa = PBXGroup;
			children = (
				15393C0A2C73588B004900BB /* OnbUserViewController.swift */,
			);
			path = OnbUser;
			sourceTree = "<group>";
		};
		15393C0E2C737598004900BB /* Home */ = {
			isa = PBXGroup;
			children = (
				15393C0C2C737593004900BB /* HomeViewController.swift */,
				15393C0F2C74A8A1004900BB /* HistoryModel.swift */,
				15393C112C74AE89004900BB /* noHistoryView.swift */,
				15393C132C74BA6F004900BB /* NewHistoryViewController.swift */,
				15393C152C74C014004900BB /* AddNewHistoryView.swift */,
			);
			path = Home;
			sourceTree = "<group>";
		};
		15393C172C760185004900BB /* Notes */ = {
			isa = PBXGroup;
			children = (
				15393C182C760434004900BB /* NotesViewController.swift */,
				15393C1A2C760A48004900BB /* NotesView.swift */,
				1564E56D2C763D10006874EE /* NotesModel.swift */,
				1564E56F2C764979006874EE /* NewNoteViewController.swift */,
				1564E5712C777B74006874EE /* DetailNoteViewController.swift */,
			);
			path = Notes;
			sourceTree = "<group>";
		};
/* End PBXGroup section */

/* Begin PBXNativeTarget section */
		15393BEA2C734C7E004900BB /* KENexusHorizon */ = {
			isa = PBXNativeTarget;
			buildConfigurationList = 15393BFF2C734C7F004900BB /* Build configuration list for PBXNativeTarget "KENexusHorizon" */;
			buildPhases = (
				15393BE72C734C7E004900BB /* Sources */,
				15393BE82C734C7E004900BB /* Frameworks */,
				15393BE92C734C7E004900BB /* Resources */,
			);
			buildRules = (
			);
			dependencies = (
			);
			name = KENexusHorizon;
			packageProductDependencies = (
				15393C072C7350F2004900BB /* SnapKit */,
			);
			productName = KENexusHorizon;
			productReference = 15393BEB2C734C7E004900BB /* KENexusHorizon.app */;
			productType = "com.apple.product-type.application";
		};
/* End PBXNativeTarget section */

/* Begin PBXProject section */
		15393BE32C734C7E004900BB /* Project object */ = {
			isa = PBXProject;
			attributes = {
				BuildIndependentTargetsInParallel = 1;
				LastSwiftUpdateCheck = 1520;
				LastUpgradeCheck = 1520;
				TargetAttributes = {
					15393BEA2C734C7E004900BB = {
						CreatedOnToolsVersion = 15.2;
					};
				};
			};
			buildConfigurationList = 15393BE62C734C7E004900BB /* Build configuration list for PBXProject "KENexusHorizon" */;
			compatibilityVersion = "Xcode 14.0";
			developmentRegion = en;
			hasScannedForEncodings = 0;
			knownRegions = (
				en,
				Base,
			);
			mainGroup = 15393BE22C734C7E004900BB;
			packageReferences = (
				15393C062C7350F2004900BB /* XCRemoteSwiftPackageReference "SnapKit" */,
			);
			productRefGroup = 15393BEC2C734C7E004900BB /* Products */;
			projectDirPath = "";
			projectRoot = "";
			targets = (
				15393BEA2C734C7E004900BB /* KENexusHorizon */,
			);
		};
/* End PBXProject section */

/* Begin PBXResourcesBuildPhase section */
		15393BE92C734C7E004900BB /* Resources */ = {
			isa = PBXResourcesBuildPhase;
			buildActionMask = 2147483647;
			files = (
				15393BFB2C734C7F004900BB /* LaunchScreen.storyboard in Resources */,
				15393BF82C734C7F004900BB /* Assets.xcassets in Resources */,
				15393BF62C734C7E004900BB /* Main.storyboard in Resources */,
			);
			runOnlyForDeploymentPostprocessing = 0;
		};
/* End PBXResourcesBuildPhase section */

/* Begin PBXSourcesBuildPhase section */
		15393BE72C734C7E004900BB /* Sources */ = {
			isa = PBXSourcesBuildPhase;
			buildActionMask = 2147483647;
			files = (
				15393C0D2C737593004900BB /* HomeViewController.swift in Sources */,
				15393C162C74C014004900BB /* AddNewHistoryView.swift in Sources */,
				15393C052C734EB0004900BB /* LoadViewController.swift in Sources */,
				1564E5702C764979006874EE /* NewNoteViewController.swift in Sources */,
				15393C102C74A8A1004900BB /* HistoryModel.swift in Sources */,
				1564E5722C777B74006874EE /* DetailNoteViewController.swift in Sources */,
				15393BEF2C734C7E004900BB /* AppDelegate.swift in Sources */,
				1564E56E2C763D10006874EE /* NotesModel.swift in Sources */,
				15393C142C74BA6F004900BB /* NewHistoryViewController.swift in Sources */,
				15393C1B2C760A48004900BB /* NotesView.swift in Sources */,
				15393C192C760434004900BB /* NotesViewController.swift in Sources */,
				15393BF12C734C7E004900BB /* SceneDelegate.swift in Sources */,
				15393C0B2C73588B004900BB /* OnbUserViewController.swift in Sources */,
				15393C122C74AE89004900BB /* noHistoryView.swift in Sources */,
			);
			runOnlyForDeploymentPostprocessing = 0;
		};
/* End PBXSourcesBuildPhase section */

/* Begin PBXVariantGroup section */
		15393BF42C734C7E004900BB /* Main.storyboard */ = {
			isa = PBXVariantGroup;
			children = (
				15393BF52C734C7E004900BB /* Base */,
			);
			name = Main.storyboard;
			sourceTree = "<group>";
		};
		15393BF92C734C7F004900BB /* LaunchScreen.storyboard */ = {
			isa = PBXVariantGroup;
			children = (
				15393BFA2C734C7F004900BB /* Base */,
			);
			name = LaunchScreen.storyboard;
			sourceTree = "<group>";
		};
/* End PBXVariantGroup section */

/* Begin XCBuildConfiguration section */
		15393BFD2C734C7F004900BB /* Debug */ = {
			isa = XCBuildConfiguration;
			buildSettings = {
				ALWAYS_SEARCH_USER_PATHS = NO;
				ASSETCATALOG_COMPILER_GENERATE_SWIFT_ASSET_SYMBOL_EXTENSIONS = YES;
				CLANG_ANALYZER_NONNULL = YES;
				CLANG_ANALYZER_NUMBER_OBJECT_CONVERSION = YES_AGGRESSIVE;
				CLANG_CXX_LANGUAGE_STANDARD = "gnu++20";
				CLANG_ENABLE_MODULES = YES;
				CLANG_ENABLE_OBJC_ARC = YES;
				CLANG_ENABLE_OBJC_WEAK = YES;
				CLANG_WARN_BLOCK_CAPTURE_AUTORELEASING = YES;
				CLANG_WARN_BOOL_CONVERSION = YES;
				CLANG_WARN_COMMA = YES;
				CLANG_WARN_CONSTANT_CONVERSION = YES;
				CLANG_WARN_DEPRECATED_OBJC_IMPLEMENTATIONS = YES;
				CLANG_WARN_DIRECT_OBJC_ISA_USAGE = YES_ERROR;
				CLANG_WARN_DOCUMENTATION_COMMENTS = YES;
				CLANG_WARN_EMPTY_BODY = YES;
				CLANG_WARN_ENUM_CONVERSION = YES;
				CLANG_WARN_INFINITE_RECURSION = YES;
				CLANG_WARN_INT_CONVERSION = YES;
				CLANG_WARN_NON_LITERAL_NULL_CONVERSION = YES;
				CLANG_WARN_OBJC_IMPLICIT_RETAIN_SELF = YES;
				CLANG_WARN_OBJC_LITERAL_CONVERSION = YES;
				CLANG_WARN_OBJC_ROOT_CLASS = YES_ERROR;
				CLANG_WARN_QUOTED_INCLUDE_IN_FRAMEWORK_HEADER = YES;
				CLANG_WARN_RANGE_LOOP_ANALYSIS = YES;
				CLANG_WARN_STRICT_PROTOTYPES = YES;
				CLANG_WARN_SUSPICIOUS_MOVE = YES;
				CLANG_WARN_UNGUARDED_AVAILABILITY = YES_AGGRESSIVE;
				CLANG_WARN_UNREACHABLE_CODE = YES;
				CLANG_WARN__DUPLICATE_METHOD_MATCH = YES;
				COPY_PHASE_STRIP = NO;
				DEBUG_INFORMATION_FORMAT = dwarf;
				ENABLE_STRICT_OBJC_MSGSEND = YES;
				ENABLE_TESTABILITY = YES;
				ENABLE_USER_SCRIPT_SANDBOXING = YES;
				GCC_C_LANGUAGE_STANDARD = gnu17;
				GCC_DYNAMIC_NO_PIC = NO;
				GCC_NO_COMMON_BLOCKS = YES;
				GCC_OPTIMIZATION_LEVEL = 0;
				GCC_PREPROCESSOR_DEFINITIONS = (
					"DEBUG=1",
					"$(inherited)",
				);
				GCC_WARN_64_TO_32_BIT_CONVERSION = YES;
				GCC_WARN_ABOUT_RETURN_TYPE = YES_ERROR;
				GCC_WARN_UNDECLARED_SELECTOR = YES;
				GCC_WARN_UNINITIALIZED_AUTOS = YES_AGGRESSIVE;
				GCC_WARN_UNUSED_FUNCTION = YES;
				GCC_WARN_UNUSED_VARIABLE = YES;
				IPHONEOS_DEPLOYMENT_TARGET = 17.2;
				LOCALIZATION_PREFERS_STRING_CATALOGS = YES;
				MTL_ENABLE_DEBUG_INFO = INCLUDE_SOURCE;
				MTL_FAST_MATH = YES;
				ONLY_ACTIVE_ARCH = YES;
				SDKROOT = iphoneos;
				SWIFT_ACTIVE_COMPILATION_CONDITIONS = "DEBUG $(inherited)";
				SWIFT_OPTIMIZATION_LEVEL = "-Onone";
			};
			name = Debug;
		};
		15393BFE2C734C7F004900BB /* Release */ = {
			isa = XCBuildConfiguration;
			buildSettings = {
				ALWAYS_SEARCH_USER_PATHS = NO;
				ASSETCATALOG_COMPILER_GENERATE_SWIFT_ASSET_SYMBOL_EXTENSIONS = YES;
				CLANG_ANALYZER_NONNULL = YES;
				CLANG_ANALYZER_NUMBER_OBJECT_CONVERSION = YES_AGGRESSIVE;
				CLANG_CXX_LANGUAGE_STANDARD = "gnu++20";
				CLANG_ENABLE_MODULES = YES;
				CLANG_ENABLE_OBJC_ARC = YES;
				CLANG_ENABLE_OBJC_WEAK = YES;
				CLANG_WARN_BLOCK_CAPTURE_AUTORELEASING = YES;
				CLANG_WARN_BOOL_CONVERSION = YES;
				CLANG_WARN_COMMA = YES;
				CLANG_WARN_CONSTANT_CONVERSION = YES;
				CLANG_WARN_DEPRECATED_OBJC_IMPLEMENTATIONS = YES;
				CLANG_WARN_DIRECT_OBJC_ISA_USAGE = YES_ERROR;
				CLANG_WARN_DOCUMENTATION_COMMENTS = YES;
				CLANG_WARN_EMPTY_BODY = YES;
				CLANG_WARN_ENUM_CONVERSION = YES;
				CLANG_WARN_INFINITE_RECURSION = YES;
				CLANG_WARN_INT_CONVERSION = YES;
				CLANG_WARN_NON_LITERAL_NULL_CONVERSION = YES;
				CLANG_WARN_OBJC_IMPLICIT_RETAIN_SELF = YES;
				CLANG_WARN_OBJC_LITERAL_CONVERSION = YES;
				CLANG_WARN_OBJC_ROOT_CLASS = YES_ERROR;
				CLANG_WARN_QUOTED_INCLUDE_IN_FRAMEWORK_HEADER = YES;
				CLANG_WARN_RANGE_LOOP_ANALYSIS = YES;
				CLANG_WARN_STRICT_PROTOTYPES = YES;
				CLANG_WARN_SUSPICIOUS_MOVE = YES;
				CLANG_WARN_UNGUARDED_AVAILABILITY = YES_AGGRESSIVE;
				CLANG_WARN_UNREACHABLE_CODE = YES;
				CLANG_WARN__DUPLICATE_METHOD_MATCH = YES;
				COPY_PHASE_STRIP = NO;
				DEBUG_INFORMATION_FORMAT = "dwarf-with-dsym";
				ENABLE_NS_ASSERTIONS = NO;
				ENABLE_STRICT_OBJC_MSGSEND = YES;
				ENABLE_USER_SCRIPT_SANDBOXING = YES;
				GCC_C_LANGUAGE_STANDARD = gnu17;
				GCC_NO_COMMON_BLOCKS = YES;
				GCC_WARN_64_TO_32_BIT_CONVERSION = YES;
				GCC_WARN_ABOUT_RETURN_TYPE = YES_ERROR;
				GCC_WARN_UNDECLARED_SELECTOR = YES;
				GCC_WARN_UNINITIALIZED_AUTOS = YES_AGGRESSIVE;
				GCC_WARN_UNUSED_FUNCTION = YES;
				GCC_WARN_UNUSED_VARIABLE = YES;
				IPHONEOS_DEPLOYMENT_TARGET = 17.2;
				LOCALIZATION_PREFERS_STRING_CATALOGS = YES;
				MTL_ENABLE_DEBUG_INFO = NO;
				MTL_FAST_MATH = YES;
				SDKROOT = iphoneos;
				SWIFT_COMPILATION_MODE = wholemodule;
				VALIDATE_PRODUCT = YES;
			};
			name = Release;
		};
		15393C002C734C7F004900BB /* Debug */ = {
			isa = XCBuildConfiguration;
			buildSettings = {
				ASSETCATALOG_COMPILER_APPICON_NAME = AppIcon;
				ASSETCATALOG_COMPILER_GLOBAL_ACCENT_COLOR_NAME = AccentColor;
				CODE_SIGN_STYLE = Automatic;
				CURRENT_PROJECT_VERSION = 1;
				GENERATE_INFOPLIST_FILE = YES;
				INFOPLIST_FILE = KENexusHorizon/Info.plist;
				INFOPLIST_KEY_CFBundleDisplayName = KENexusHorizon;
				INFOPLIST_KEY_UIApplicationSupportsIndirectInputEvents = YES;
				INFOPLIST_KEY_UILaunchStoryboardName = LaunchScreen;
				INFOPLIST_KEY_UISupportedInterfaceOrientations_iPad = "UIInterfaceOrientationPortrait UIInterfaceOrientationPortraitUpsideDown UIInterfaceOrientationLandscapeLeft UIInterfaceOrientationLandscapeRight";
				INFOPLIST_KEY_UISupportedInterfaceOrientations_iPhone = "UIInterfaceOrientationPortrait UIInterfaceOrientationLandscapeLeft UIInterfaceOrientationLandscapeRight";
				IPHONEOS_DEPLOYMENT_TARGET = 13.0;
				LD_RUNPATH_SEARCH_PATHS = (
					"$(inherited)",
					"@executable_path/Frameworks",
				);
				MARKETING_VERSION = 1.0;
				PRODUCT_BUNDLE_IDENTIFIER = k.KENexusHorizon;
				PRODUCT_NAME = "$(TARGET_NAME)";
				SUPPORTED_PLATFORMS = "iphoneos iphonesimulator";
				SUPPORTS_MACCATALYST = NO;
				SUPPORTS_XR_DESIGNED_FOR_IPHONE_IPAD = NO;
				SWIFT_EMIT_LOC_STRINGS = YES;
				SWIFT_VERSION = 5.0;
				TARGETED_DEVICE_FAMILY = "1,2";
			};
			name = Debug;
		};
		15393C012C734C7F004900BB /* Release */ = {
			isa = XCBuildConfiguration;
			buildSettings = {
				ASSETCATALOG_COMPILER_APPICON_NAME = AppIcon;
				ASSETCATALOG_COMPILER_GLOBAL_ACCENT_COLOR_NAME = AccentColor;
				CODE_SIGN_STYLE = Automatic;
				CURRENT_PROJECT_VERSION = 1;
				GENERATE_INFOPLIST_FILE = YES;
				INFOPLIST_FILE = KENexusHorizon/Info.plist;
				INFOPLIST_KEY_CFBundleDisplayName = KENexusHorizon;
				INFOPLIST_KEY_UIApplicationSupportsIndirectInputEvents = YES;
				INFOPLIST_KEY_UILaunchStoryboardName = LaunchScreen;
				INFOPLIST_KEY_UISupportedInterfaceOrientations_iPad = "UIInterfaceOrientationPortrait UIInterfaceOrientationPortraitUpsideDown UIInterfaceOrientationLandscapeLeft UIInterfaceOrientationLandscapeRight";
				INFOPLIST_KEY_UISupportedInterfaceOrientations_iPhone = "UIInterfaceOrientationPortrait UIInterfaceOrientationLandscapeLeft UIInterfaceOrientationLandscapeRight";
				IPHONEOS_DEPLOYMENT_TARGET = 13.0;
				LD_RUNPATH_SEARCH_PATHS = (
					"$(inherited)",
					"@executable_path/Frameworks",
				);
				MARKETING_VERSION = 1.0;
				PRODUCT_BUNDLE_IDENTIFIER = k.KENexusHorizon;
				PRODUCT_NAME = "$(TARGET_NAME)";
				SUPPORTED_PLATFORMS = "iphoneos iphonesimulator";
				SUPPORTS_MACCATALYST = NO;
				SUPPORTS_XR_DESIGNED_FOR_IPHONE_IPAD = NO;
				SWIFT_EMIT_LOC_STRINGS = YES;
				SWIFT_VERSION = 5.0;
				TARGETED_DEVICE_FAMILY = "1,2";
			};
			name = Release;
		};
/* End XCBuildConfiguration section */

/* Begin XCConfigurationList section */
		15393BE62C734C7E004900BB /* Build configuration list for PBXProject "KENexusHorizon" */ = {
			isa = XCConfigurationList;
			buildConfigurations = (
				15393BFD2C734C7F004900BB /* Debug */,
				15393BFE2C734C7F004900BB /* Release */,
			);
			defaultConfigurationIsVisible = 0;
			defaultConfigurationName = Release;
		};
		15393BFF2C734C7F004900BB /* Build configuration list for PBXNativeTarget "KENexusHorizon" */ = {
			isa = XCConfigurationList;
			buildConfigurations = (
				15393C002C734C7F004900BB /* Debug */,
				15393C012C734C7F004900BB /* Release */,
			);
			defaultConfigurationIsVisible = 0;
			defaultConfigurationName = Release;
		};
/* End XCConfigurationList section */

/* Begin XCRemoteSwiftPackageReference section */
		15393C062C7350F2004900BB /* XCRemoteSwiftPackageReference "SnapKit" */ = {
			isa = XCRemoteSwiftPackageReference;
			repositoryURL = "https://github.com/SnapKit/SnapKit";
			requirement = {
				kind = upToNextMajorVersion;
				minimumVersion = 5.7.1;
			};
		};
/* End XCRemoteSwiftPackageReference section */

/* Begin XCSwiftPackageProductDependency section */
		15393C072C7350F2004900BB /* SnapKit */ = {
			isa = XCSwiftPackageProductDependency;
			package = 15393C062C7350F2004900BB /* XCRemoteSwiftPackageReference "SnapKit" */;
			productName = SnapKit;
		};
/* End XCSwiftPackageProductDependency section */
	};
	rootObject = 15393BE32C734C7E004900BB /* Project object */;
}
